
Microsoft Visual Studio Solution File, Format Version 12.00
# Visual Studio 15
VisualStudioVersion = 15.0.28307.329
MinimumVisualStudioVersion = 10.0.40219.1
Project("{FAE04EC0-301F-11D3-BF4B-00C04F79EFBC}") = "Task1", "Task1.csproj", "{BA44A1BE-D98E-4106-B708-881204914B19}"
EndProject
Project("{FAE04EC0-301F-11D3-BF4B-00C04F79EFBC}") = "Task2", "..\Task2\Task2.csproj", "{3B3A4F14-45C8-4EB7-B8A9-69494F804EC1}"
EndProject
Global
	GlobalSection(SolutionConfigurationPlatforms) = preSolution
		Debug|Any CPU = Debug|Any CPU
		Release|Any CPU = Release|Any CPU
	EndGlobalSection
	GlobalSection(ProjectConfigurationPlatforms) = postSolution
		{BA44A1BE-D98E-4106-B708-881204914B19}.Debug|Any CPU.ActiveCfg = Debug|Any CPU
		{BA44A1BE-D98E-4106-B708-881204914B19}.Debug|Any CPU.Build.0 = Debug|Any CPU
		{BA44A1BE-D98E-4106-B708-881204914B19}.Release|Any CPU.ActiveCfg = Release|Any CPU
		{BA44A1BE-D98E-4106-B708-881204914B19}.Release|Any CPU.Build.0 = Release|Any CPU
		{3B3A4F14-45C8-4EB7-B8A9-69494F804EC1}.Debug|Any CPU.ActiveCfg = Debug|Any CPU
		{3B3A4F14-45C8-4EB7-B8A9-69494F804EC1}.Debug|Any CPU.Build.0 = Debug|Any CPU
		{3B3A4F14-45C8-4EB7-B8A9-69494F804EC1}.Release|Any CPU.ActiveCfg = Release|Any CPU
		{3B3A4F14-45C8-4EB7-B8A9-69494F804EC1}.Release|Any CPU.Build.0 = Release|Any CPU
	EndGlobalSection
	GlobalSection(SolutionProperties) = preSolution
		HideSolutionNode = FALSE
	EndGlobalSection
	GlobalSection(ExtensibilityGlobals) = postSolution
		SolutionGuid = {995B2A7A-9163-486A-B204-289E68FCD613}
	EndGlobalSection
EndGlobal
